
Microsoft Visual Studio Solution File, Format Version 12.00
# Visual Studio Version 17
VisualStudioVersion = 17.6.33801.468
MinimumVisualStudioVersion = 10.0.40219.1
Project("{FAE04EC0-301F-11D3-BF4B-00C04F79EFBC}") = "MagicVilla_API", "MagicVilla_API\MagicVilla_API.csproj", "{4C2AC633-B9C1-4EA8-89EE-9738665346F7}"
EndProject
Global
	GlobalSection(SolutionConfigurationPlatforms) = preSolution
		Debug|Any CPU = Debug|Any CPU
		Release|Any CPU = Release|Any CPU
	EndGlobalSection
	GlobalSection(ProjectConfigurationPlatforms) = postSolution
		{4C2AC633-B9C1-4EA8-89EE-9738665346F7}.Debug|Any CPU.ActiveCfg = Debug|Any CPU
		{4C2AC633-B9C1-4EA8-89EE-9738665346F7}.Debug|Any CPU.Build.0 = Debug|Any CPU
		{4C2AC633-B9C1-4EA8-89EE-9738665346F7}.Release|Any CPU.ActiveCfg = Release|Any CPU
		{4C2AC633-B9C1-4EA8-89EE-9738665346F7}.Release|Any CPU.Build.0 = Release|Any CPU
	EndGlobalSection
	GlobalSection(SolutionProperties) = preSolution
		HideSolutionNode = FALSE
	EndGlobalSection
	GlobalSection(ExtensibilityGlobals) = postSolution
		SolutionGuid = {12221FD7-F0B9-4EEB-8D4F-06BC302B5088}
	EndGlobalSection
EndGlobal
